// !$*UTF8*$!
{
	archiveVersion = 1;
	classes = {
	};
	objectVersion = 46;
	objects = {

/* Begin PBXBuildFile section */
		AA06B5D61AE9AC1700CBE67F /* ColorExtensions.swift in Sources */ = {isa = PBXBuildFile; fileRef = AAF2954D1AE1268600D05A9E /* ColorExtensions.swift */; };
		AA215B801AE537BF00B29C47 /* ProfileCell.swift in Sources */ = {isa = PBXBuildFile; fileRef = AA215B7F1AE537BE00B29C47 /* ProfileCell.swift */; };
		AA2866A81AEAF837001AB0A9 /* Me.plist in Resources */ = {isa = PBXBuildFile; fileRef = AA2866A71AEAF837001AB0A9 /* Me.plist */; };
		AA2866AA1AEAF915001AB0A9 /* Me.swift in Sources */ = {isa = PBXBuildFile; fileRef = AA2866A91AEAF915001AB0A9 /* Me.swift */; };
		AA2866AB1AEAFC0B001AB0A9 /* Me.swift in Sources */ = {isa = PBXBuildFile; fileRef = AA2866A91AEAF915001AB0A9 /* Me.swift */; };
		AA33D4701AE5ACF300F215EE /* BorderedButton.swift in Sources */ = {isa = PBXBuildFile; fileRef = AA33D46F1AE5ACF300F215EE /* BorderedButton.swift */; };
		AA8626821AE0F78E004D995D /* Entries.plist in Resources */ = {isa = PBXBuildFile; fileRef = AA8626811AE0F78E004D995D /* Entries.plist */; };
		AA8626841AE0F832004D995D /* TimelineEntry.swift in Sources */ = {isa = PBXBuildFile; fileRef = AA8626831AE0F832004D995D /* TimelineEntry.swift */; };
		AA8626891AE0FC8C004D995D /* TimelineViewController.swift in Sources */ = {isa = PBXBuildFile; fileRef = AA8626881AE0FC8C004D995D /* TimelineViewController.swift */; };
		AA86268E1AE109FB004D995D /* TimelineEntryCell.swift in Sources */ = {isa = PBXBuildFile; fileRef = AA86268D1AE109FB004D995D /* TimelineEntryCell.swift */; };
		AA867F3A1AE98C0A00A3948E /* Images.xcassets in Resources */ = {isa = PBXBuildFile; fileRef = AA867F391AE98C0A00A3948E /* Images.xcassets */; };
		AA867F3E1AE98C0A00A3948E /* Stephan Rabanser WatchKit App.app in Resources */ = {isa = PBXBuildFile; fileRef = AA867F3D1AE98C0A00A3948E /* Stephan Rabanser WatchKit App.app */; };
		AA867F461AE98C0A00A3948E /* Interface.storyboard in Resources */ = {isa = PBXBuildFile; fileRef = AA867F441AE98C0A00A3948E /* Interface.storyboard */; };
		AA867F481AE98C0A00A3948E /* Images.xcassets in Resources */ = {isa = PBXBuildFile; fileRef = AA867F471AE98C0A00A3948E /* Images.xcassets */; };
		AA867F4B1AE98C0A00A3948E /* Stephan Rabanser WatchKit Extension.appex in Embed App Extensions */ = {isa = PBXBuildFile; fileRef = AA867F2E1AE98C0A00A3948E /* Stephan Rabanser WatchKit Extension.appex */; settings = {ATTRIBUTES = (RemoveHeadersOnCopy, ); }; };
		AA867F531AE98CE000A3948E /* TimelineInterfaceController.swift in Sources */ = {isa = PBXBuildFile; fileRef = AA867F521AE98CE000A3948E /* TimelineInterfaceController.swift */; };
		AA867F551AE98D2700A3948E /* DetailInterfaceController.swift in Sources */ = {isa = PBXBuildFile; fileRef = AA867F541AE98D2700A3948E /* DetailInterfaceController.swift */; };
		AA867F581AE98F1200A3948E /* EntriesLoader.swift in Sources */ = {isa = PBXBuildFile; fileRef = AA867F571AE98F1200A3948E /* EntriesLoader.swift */; };
		AA867F591AE98F9300A3948E /* TimelineEntry.swift in Sources */ = {isa = PBXBuildFile; fileRef = AA8626831AE0F832004D995D /* TimelineEntry.swift */; };
		AA86EF851AE864770091EFE9 /* WebViewController.swift in Sources */ = {isa = PBXBuildFile; fileRef = AA86EF841AE864770091EFE9 /* WebViewController.swift */; };
		AA9C08321AE0EB5100617B43 /* AppDelegate.swift in Sources */ = {isa = PBXBuildFile; fileRef = AA9C08311AE0EB5100617B43 /* AppDelegate.swift */; };
		AA9C08371AE0EB5100617B43 /* Main.storyboard in Resources */ = {isa = PBXBuildFile; fileRef = AA9C08351AE0EB5100617B43 /* Main.storyboard */; };
		AA9C08391AE0EB5100617B43 /* Images.xcassets in Resources */ = {isa = PBXBuildFile; fileRef = AA9C08381AE0EB5100617B43 /* Images.xcassets */; };
		AA9C083C1AE0EB5100617B43 /* LaunchScreen.xib in Resources */ = {isa = PBXBuildFile; fileRef = AA9C083A1AE0EB5100617B43 /* LaunchScreen.xib */; };
		AAA69DB81AEAECFB002B612A /* PersonalInterfaceController.swift in Sources */ = {isa = PBXBuildFile; fileRef = AAA69DB71AEAECFB002B612A /* PersonalInterfaceController.swift */; };
		AAA74CCD1AE19D8B0048B117 /* DetailViewController.swift in Sources */ = {isa = PBXBuildFile; fileRef = AAA74CCC1AE19D8B0048B117 /* DetailViewController.swift */; };
		AAD411A81AEC06F000102C95 /* SafariActivity.swift in Sources */ = {isa = PBXBuildFile; fileRef = AAD411A71AEC06F000102C95 /* SafariActivity.swift */; };
		AAE81E901AE448B60031AD4A /* AvatarView.swift in Sources */ = {isa = PBXBuildFile; fileRef = AAE81E8F1AE448B60031AD4A /* AvatarView.swift */; };
		AAE81E951AE44FA60031AD4A /* FXBlurView.m in Sources */ = {isa = PBXBuildFile; fileRef = AAE81E941AE44FA60031AD4A /* FXBlurView.m */; };
		AAF2954C1AE1266A00D05A9E /* OutlineView.swift in Sources */ = {isa = PBXBuildFile; fileRef = AAF2954B1AE1266A00D05A9E /* OutlineView.swift */; };
		AAF2954E1AE1268600D05A9E /* ColorExtensions.swift in Sources */ = {isa = PBXBuildFile; fileRef = AAF2954D1AE1268600D05A9E /* ColorExtensions.swift */; };
/* End PBXBuildFile section */

/* Begin PBXContainerItemProxy section */
		AA867F3F1AE98C0A00A3948E /* PBXContainerItemProxy */ = {
			isa = PBXContainerItemProxy;
			containerPortal = AA9C08241AE0EB5000617B43 /* Project object */;
			proxyType = 1;
			remoteGlobalIDString = AA867F3C1AE98C0A00A3948E;
			remoteInfo = "Stephan Rabanser WatchKit App";
		};
		AA867F491AE98C0A00A3948E /* PBXContainerItemProxy */ = {
			isa = PBXContainerItemProxy;
			containerPortal = AA9C08241AE0EB5000617B43 /* Project object */;
			proxyType = 1;
			remoteGlobalIDString = AA867F2D1AE98C0A00A3948E;
			remoteInfo = "Stephan Rabanser WatchKit Extension";
		};
/* End PBXContainerItemProxy section */

/* Begin PBXCopyFilesBuildPhase section */
		AA867EDE1AE98AE300A3948E /* Embed App Extensions */ = {
			isa = PBXCopyFilesBuildPhase;
			buildActionMask = 2147483647;
			dstPath = "";
			dstSubfolderSpec = 13;
			files = (
				AA867F4B1AE98C0A00A3948E /* Stephan Rabanser WatchKit Extension.appex in Embed App Extensions */,
			);
			name = "Embed App Extensions";
			runOnlyForDeploymentPostprocessing = 0;
		};
/* End PBXCopyFilesBuildPhase section */

/* Begin PBXFileReference section */
		AA215B7F1AE537BE00B29C47 /* ProfileCell.swift */ = {isa = PBXFileReference; fileEncoding = 4; lastKnownFileType = sourcecode.swift; path = ProfileCell.swift; sourceTree = "<group>"; };
		AA2866A71AEAF837001AB0A9 /* Me.plist */ = {isa = PBXFileReference; fileEncoding = 4; lastKnownFileType = text.plist.xml; path = Me.plist; sourceTree = "<group>"; };
		AA2866A91AEAF915001AB0A9 /* Me.swift */ = {isa = PBXFileReference; fileEncoding = 4; lastKnownFileType = sourcecode.swift; path = Me.swift; sourceTree = "<group>"; };
		AA33D46F1AE5ACF300F215EE /* BorderedButton.swift */ = {isa = PBXFileReference; fileEncoding = 4; lastKnownFileType = sourcecode.swift; path = BorderedButton.swift; sourceTree = "<group>"; };
		AA8626811AE0F78E004D995D /* Entries.plist */ = {isa = PBXFileReference; fileEncoding = 4; lastKnownFileType = text.plist.xml; path = Entries.plist; sourceTree = "<group>"; };
		AA8626831AE0F832004D995D /* TimelineEntry.swift */ = {isa = PBXFileReference; fileEncoding = 4; lastKnownFileType = sourcecode.swift; path = TimelineEntry.swift; sourceTree = "<group>"; };
		AA8626881AE0FC8C004D995D /* TimelineViewController.swift */ = {isa = PBXFileReference; fileEncoding = 4; lastKnownFileType = sourcecode.swift; path = TimelineViewController.swift; sourceTree = "<group>"; };
		AA86268D1AE109FB004D995D /* TimelineEntryCell.swift */ = {isa = PBXFileReference; fileEncoding = 4; lastKnownFileType = sourcecode.swift; path = TimelineEntryCell.swift; sourceTree = "<group>"; };
		AA867F2E1AE98C0A00A3948E /* Stephan Rabanser WatchKit Extension.appex */ = {isa = PBXFileReference; explicitFileType = "wrapper.app-extension"; includeInIndex = 0; path = "Stephan Rabanser WatchKit Extension.appex"; sourceTree = BUILT_PRODUCTS_DIR; };
		AA867F311AE98C0A00A3948E /* Info.plist */ = {isa = PBXFileReference; lastKnownFileType = text.plist.xml; path = Info.plist; sourceTree = "<group>"; };
		AA867F321AE98C0A00A3948E /* PushNotificationPayload.apns */ = {isa = PBXFileReference; lastKnownFileType = text; path = PushNotificationPayload.apns; sourceTree = "<group>"; };
		AA867F391AE98C0A00A3948E /* Images.xcassets */ = {isa = PBXFileReference; lastKnownFileType = folder.assetcatalog; path = Images.xcassets; sourceTree = "<group>"; };
		AA867F3D1AE98C0A00A3948E /* Stephan Rabanser WatchKit App.app */ = {isa = PBXFileReference; explicitFileType = wrapper.application; includeInIndex = 0; path = "Stephan Rabanser WatchKit App.app"; sourceTree = BUILT_PRODUCTS_DIR; };
		AA867F431AE98C0A00A3948E /* Info.plist */ = {isa = PBXFileReference; lastKnownFileType = text.plist.xml; path = Info.plist; sourceTree = "<group>"; };
		AA867F451AE98C0A00A3948E /* Base */ = {isa = PBXFileReference; lastKnownFileType = file.storyboard; name = Base; path = Base.lproj/Interface.storyboard; sourceTree = "<group>"; };
		AA867F471AE98C0A00A3948E /* Images.xcassets */ = {isa = PBXFileReference; lastKnownFileType = folder.assetcatalog; path = Images.xcassets; sourceTree = "<group>"; };
		AA867F521AE98CE000A3948E /* TimelineInterfaceController.swift */ = {isa = PBXFileReference; fileEncoding = 4; lastKnownFileType = sourcecode.swift; path = TimelineInterfaceController.swift; sourceTree = "<group>"; };
		AA867F541AE98D2700A3948E /* DetailInterfaceController.swift */ = {isa = PBXFileReference; fileEncoding = 4; lastKnownFileType = sourcecode.swift; path = DetailInterfaceController.swift; sourceTree = "<group>"; };
		AA867F571AE98F1200A3948E /* EntriesLoader.swift */ = {isa = PBXFileReference; fileEncoding = 4; lastKnownFileType = sourcecode.swift; path = EntriesLoader.swift; sourceTree = "<group>"; };
		AA86EF841AE864770091EFE9 /* WebViewController.swift */ = {isa = PBXFileReference; fileEncoding = 4; lastKnownFileType = sourcecode.swift; path = WebViewController.swift; sourceTree = "<group>"; };
		AA9C082C1AE0EB5100617B43 /* Stephan Rabanser.app */ = {isa = PBXFileReference; explicitFileType = wrapper.application; includeInIndex = 0; path = "Stephan Rabanser.app"; sourceTree = BUILT_PRODUCTS_DIR; };
		AA9C08301AE0EB5100617B43 /* Info.plist */ = {isa = PBXFileReference; lastKnownFileType = text.plist.xml; path = Info.plist; sourceTree = "<group>"; };
		AA9C08311AE0EB5100617B43 /* AppDelegate.swift */ = {isa = PBXFileReference; lastKnownFileType = sourcecode.swift; path = AppDelegate.swift; sourceTree = "<group>"; };
		AA9C08361AE0EB5100617B43 /* Base */ = {isa = PBXFileReference; lastKnownFileType = file.storyboard; name = Base; path = Base.lproj/Main.storyboard; sourceTree = "<group>"; };
		AA9C08381AE0EB5100617B43 /* Images.xcassets */ = {isa = PBXFileReference; lastKnownFileType = folder.assetcatalog; path = Images.xcassets; sourceTree = "<group>"; };
		AA9C083B1AE0EB5100617B43 /* Base */ = {isa = PBXFileReference; lastKnownFileType = file.xib; name = Base; path = Base.lproj/LaunchScreen.xib; sourceTree = "<group>"; };
		AAA69DB71AEAECFB002B612A /* PersonalInterfaceController.swift */ = {isa = PBXFileReference; fileEncoding = 4; lastKnownFileType = sourcecode.swift; path = PersonalInterfaceController.swift; sourceTree = "<group>"; };
		AAA74CCC1AE19D8B0048B117 /* DetailViewController.swift */ = {isa = PBXFileReference; fileEncoding = 4; lastKnownFileType = sourcecode.swift; path = DetailViewController.swift; sourceTree = "<group>"; };
		AAD411A71AEC06F000102C95 /* SafariActivity.swift */ = {isa = PBXFileReference; fileEncoding = 4; lastKnownFileType = sourcecode.swift; path = SafariActivity.swift; sourceTree = "<group>"; };
		AAE81E8F1AE448B60031AD4A /* AvatarView.swift */ = {isa = PBXFileReference; fileEncoding = 4; lastKnownFileType = sourcecode.swift; path = AvatarView.swift; sourceTree = "<group>"; };
		AAE81E921AE44FA50031AD4A /* Stephan Rabanser-Bridging-Header.h */ = {isa = PBXFileReference; lastKnownFileType = sourcecode.c.h; path = "Stephan Rabanser-Bridging-Header.h"; sourceTree = "<group>"; };
		AAE81E931AE44FA60031AD4A /* FXBlurView.h */ = {isa = PBXFileReference; fileEncoding = 4; lastKnownFileType = sourcecode.c.h; path = FXBlurView.h; sourceTree = "<group>"; };
		AAE81E941AE44FA60031AD4A /* FXBlurView.m */ = {isa = PBXFileReference; fileEncoding = 4; lastKnownFileType = sourcecode.c.objc; path = FXBlurView.m; sourceTree = "<group>"; };
		AAF2954B1AE1266A00D05A9E /* OutlineView.swift */ = {isa = PBXFileReference; fileEncoding = 4; lastKnownFileType = sourcecode.swift; path = OutlineView.swift; sourceTree = "<group>"; };
		AAF2954D1AE1268600D05A9E /* ColorExtensions.swift */ = {isa = PBXFileReference; fileEncoding = 4; lastKnownFileType = sourcecode.swift; path = ColorExtensions.swift; sourceTree = "<group>"; };
/* End PBXFileReference section */

/* Begin PBXFrameworksBuildPhase section */
		AA867F2B1AE98C0A00A3948E /* Frameworks */ = {
			isa = PBXFrameworksBuildPhase;
			buildActionMask = 2147483647;
			files = (
			);
			runOnlyForDeploymentPostprocessing = 0;
		};
		AA9C08291AE0EB5000617B43 /* Frameworks */ = {
			isa = PBXFrameworksBuildPhase;
			buildActionMask = 2147483647;
			files = (
			);
			runOnlyForDeploymentPostprocessing = 0;
		};
/* End PBXFrameworksBuildPhase section */

/* Begin PBXGroup section */
		AA33D4711AE5AD0000F215EE /* Controls */ = {
			isa = PBXGroup;
			children = (
				AA33D46F1AE5ACF300F215EE /* BorderedButton.swift */,
			);
			name = Controls;
			sourceTree = "<group>";
		};
		AA8626851AE0F8AA004D995D /* View Controllers */ = {
			isa = PBXGroup;
			children = (
				AA8626881AE0FC8C004D995D /* TimelineViewController.swift */,
				AAA74CCC1AE19D8B0048B117 /* DetailViewController.swift */,
				AA86EF841AE864770091EFE9 /* WebViewController.swift */,
			);
			name = "View Controllers";
			sourceTree = "<group>";
		};
		AA8626861AE0F8B8004D995D /* Interfaces */ = {
			isa = PBXGroup;
			children = (
				AA9C083A1AE0EB5100617B43 /* LaunchScreen.xib */,
				AA9C08351AE0EB5100617B43 /* Main.storyboard */,
			);
			name = Interfaces;
			sourceTree = "<group>";
		};
		AA8626871AE0F8DA004D995D /* Models */ = {
			isa = PBXGroup;
			children = (
				AA8626831AE0F832004D995D /* TimelineEntry.swift */,
				AA2866A91AEAF915001AB0A9 /* Me.swift */,
				AA867F571AE98F1200A3948E /* EntriesLoader.swift */,
				AAD411A71AEC06F000102C95 /* SafariActivity.swift */,
			);
			name = Models;
			sourceTree = "<group>";
		};
		AA86268A1AE109D5004D995D /* Views */ = {
			isa = PBXGroup;
			children = (
				AA86268D1AE109FB004D995D /* TimelineEntryCell.swift */,
				AA215B7F1AE537BE00B29C47 /* ProfileCell.swift */,
				AAF2954B1AE1266A00D05A9E /* OutlineView.swift */,
				AAE81E8F1AE448B60031AD4A /* AvatarView.swift */,
			);
			name = Views;
			sourceTree = "<group>";
		};
		AA867F2F1AE98C0A00A3948E /* Stephan Rabanser WatchKit Extension */ = {
			isa = PBXGroup;
			children = (
				AA867F521AE98CE000A3948E /* TimelineInterfaceController.swift */,
				AAA69DB71AEAECFB002B612A /* PersonalInterfaceController.swift */,
				AA867F541AE98D2700A3948E /* DetailInterfaceController.swift */,
				AA867F391AE98C0A00A3948E /* Images.xcassets */,
				AA867F301AE98C0A00A3948E /* Supporting Files */,
			);
			path = "Stephan Rabanser WatchKit Extension";
			sourceTree = "<group>";
		};
		AA867F301AE98C0A00A3948E /* Supporting Files */ = {
			isa = PBXGroup;
			children = (
				AA867F311AE98C0A00A3948E /* Info.plist */,
				AA867F321AE98C0A00A3948E /* PushNotificationPayload.apns */,
			);
			name = "Supporting Files";
			sourceTree = "<group>";
		};
		AA867F411AE98C0A00A3948E /* Stephan Rabanser WatchKit App */ = {
			isa = PBXGroup;
			children = (
				AA867F441AE98C0A00A3948E /* Interface.storyboard */,
				AA867F471AE98C0A00A3948E /* Images.xcassets */,
				AA867F421AE98C0A00A3948E /* Supporting Files */,
			);
			path = "Stephan Rabanser WatchKit App";
			sourceTree = "<group>";
		};
		AA867F421AE98C0A00A3948E /* Supporting Files */ = {
			isa = PBXGroup;
			children = (
				AA867F431AE98C0A00A3948E /* Info.plist */,
			);
			name = "Supporting Files";
			sourceTree = "<group>";
		};
		AA9C08231AE0EB5000617B43 = {
			isa = PBXGroup;
			children = (
				AA9C082E1AE0EB5100617B43 /* Stephan Rabanser */,
				AA867F2F1AE98C0A00A3948E /* Stephan Rabanser WatchKit Extension */,
				AA867F411AE98C0A00A3948E /* Stephan Rabanser WatchKit App */,
				AA9C082D1AE0EB5100617B43 /* Products */,
			);
			sourceTree = "<group>";
		};
		AA9C082D1AE0EB5100617B43 /* Products */ = {
			isa = PBXGroup;
			children = (
				AA9C082C1AE0EB5100617B43 /* Stephan Rabanser.app */,
				AA867F2E1AE98C0A00A3948E /* Stephan Rabanser WatchKit Extension.appex */,
				AA867F3D1AE98C0A00A3948E /* Stephan Rabanser WatchKit App.app */,
			);
			name = Products;
			sourceTree = "<group>";
		};
		AA9C082E1AE0EB5100617B43 /* Stephan Rabanser */ = {
			isa = PBXGroup;
			children = (
				AA9C08311AE0EB5100617B43 /* AppDelegate.swift */,
				AA8626861AE0F8B8004D995D /* Interfaces */,
				AA8626851AE0F8AA004D995D /* View Controllers */,
				AA33D4711AE5AD0000F215EE /* Controls */,
				AA86268A1AE109D5004D995D /* Views */,
				AA8626871AE0F8DA004D995D /* Models */,
				AAF2954F1AE1268B00D05A9E /* Extensions */,
				AAE81E911AE44F8E0031AD4A /* Helpers */,
				AA9C08381AE0EB5100617B43 /* Images.xcassets */,
				AA9C082F1AE0EB5100617B43 /* Supporting Files */,
			);
			path = "Stephan Rabanser";
			sourceTree = "<group>";
		};
		AA9C082F1AE0EB5100617B43 /* Supporting Files */ = {
			isa = PBXGroup;
			children = (
				AAE81E921AE44FA50031AD4A /* Stephan Rabanser-Bridging-Header.h */,
				AA2866A71AEAF837001AB0A9 /* Me.plist */,
				AA8626811AE0F78E004D995D /* Entries.plist */,
				AA9C08301AE0EB5100617B43 /* Info.plist */,
			);
			name = "Supporting Files";
			sourceTree = "<group>";
		};
		AAE81E911AE44F8E0031AD4A /* Helpers */ = {
			isa = PBXGroup;
			children = (
				AAE81E931AE44FA60031AD4A /* FXBlurView.h */,
				AAE81E941AE44FA60031AD4A /* FXBlurView.m */,
			);
			name = Helpers;
			sourceTree = "<group>";
		};
		AAF2954F1AE1268B00D05A9E /* Extensions */ = {
			isa = PBXGroup;
			children = (
				AAF2954D1AE1268600D05A9E /* ColorExtensions.swift */,
			);
			name = Extensions;
			sourceTree = "<group>";
		};
/* End PBXGroup section */

/* Begin PBXNativeTarget section */
		AA867F2D1AE98C0A00A3948E /* Stephan Rabanser WatchKit Extension */ = {
			isa = PBXNativeTarget;
			buildConfigurationList = AA867F4F1AE98C0A00A3948E /* Build configuration list for PBXNativeTarget "Stephan Rabanser WatchKit Extension" */;
			buildPhases = (
				AA867F2A1AE98C0A00A3948E /* Sources */,
				AA867F2B1AE98C0A00A3948E /* Frameworks */,
				AA867F2C1AE98C0A00A3948E /* Resources */,
			);
			buildRules = (
			);
			dependencies = (
				AA867F401AE98C0A00A3948E /* PBXTargetDependency */,
			);
			name = "Stephan Rabanser WatchKit Extension";
			productName = "Stephan Rabanser WatchKit Extension";
			productReference = AA867F2E1AE98C0A00A3948E /* Stephan Rabanser WatchKit Extension.appex */;
			productType = "com.apple.product-type.watchkit-extension";
		};
		AA867F3C1AE98C0A00A3948E /* Stephan Rabanser WatchKit App */ = {
			isa = PBXNativeTarget;
			buildConfigurationList = AA867F4C1AE98C0A00A3948E /* Build configuration list for PBXNativeTarget "Stephan Rabanser WatchKit App" */;
			buildPhases = (
				AA867F3B1AE98C0A00A3948E /* Resources */,
			);
			buildRules = (
			);
			dependencies = (
			);
			name = "Stephan Rabanser WatchKit App";
			productName = "Stephan Rabanser WatchKit App";
			productReference = AA867F3D1AE98C0A00A3948E /* Stephan Rabanser WatchKit App.app */;
			productType = "com.apple.product-type.application.watchapp";
		};
		AA9C082B1AE0EB5000617B43 /* Stephan Rabanser */ = {
			isa = PBXNativeTarget;
			buildConfigurationList = AA9C084B1AE0EB5100617B43 /* Build configuration list for PBXNativeTarget "Stephan Rabanser" */;
			buildPhases = (
				AA9C08281AE0EB5000617B43 /* Sources */,
				AA9C08291AE0EB5000617B43 /* Frameworks */,
				AA9C082A1AE0EB5000617B43 /* Resources */,
				AA867EDE1AE98AE300A3948E /* Embed App Extensions */,
			);
			buildRules = (
			);
			dependencies = (
				AA867F4A1AE98C0A00A3948E /* PBXTargetDependency */,
			);
			name = "Stephan Rabanser";
			productName = "Stephan Rabanser";
			productReference = AA9C082C1AE0EB5100617B43 /* Stephan Rabanser.app */;
			productType = "com.apple.product-type.application";
		};
/* End PBXNativeTarget section */

/* Begin PBXProject section */
		AA9C08241AE0EB5000617B43 /* Project object */ = {
			isa = PBXProject;
			attributes = {
				LastUpgradeCheck = 0630;
				ORGANIZATIONNAME = "Stephan Rabanser";
				TargetAttributes = {
					AA867F2D1AE98C0A00A3948E = {
						CreatedOnToolsVersion = 6.3.1;
					};
					AA867F3C1AE98C0A00A3948E = {
						CreatedOnToolsVersion = 6.3.1;
						DevelopmentTeam = KEG9TDQ6BE;
					};
					AA9C082B1AE0EB5000617B43 = {
						CreatedOnToolsVersion = 6.3;
					};
				};
			};
			buildConfigurationList = AA9C08271AE0EB5000617B43 /* Build configuration list for PBXProject "Stephan Rabanser" */;
			compatibilityVersion = "Xcode 3.2";
			developmentRegion = English;
			hasScannedForEncodings = 0;
			knownRegions = (
				en,
				Base,
			);
			mainGroup = AA9C08231AE0EB5000617B43;
			productRefGroup = AA9C082D1AE0EB5100617B43 /* Products */;
			projectDirPath = "";
			projectRoot = "";
			targets = (
				AA9C082B1AE0EB5000617B43 /* Stephan Rabanser */,
				AA867F2D1AE98C0A00A3948E /* Stephan Rabanser WatchKit Extension */,
				AA867F3C1AE98C0A00A3948E /* Stephan Rabanser WatchKit App */,
			);
		};
/* End PBXProject section */

/* Begin PBXResourcesBuildPhase section */
		AA867F2C1AE98C0A00A3948E /* Resources */ = {
			isa = PBXResourcesBuildPhase;
			buildActionMask = 2147483647;
			files = (
				AA867F3A1AE98C0A00A3948E /* Images.xcassets in Resources */,
				AA867F3E1AE98C0A00A3948E /* Stephan Rabanser WatchKit App.app in Resources */,
			);
			runOnlyForDeploymentPostprocessing = 0;
		};
		AA867F3B1AE98C0A00A3948E /* Resources */ = {
			isa = PBXResourcesBuildPhase;
			buildActionMask = 2147483647;
			files = (
				AA867F461AE98C0A00A3948E /* Interface.storyboard in Resources */,
				AA867F481AE98C0A00A3948E /* Images.xcassets in Resources */,
			);
			runOnlyForDeploymentPostprocessing = 0;
		};
		AA9C082A1AE0EB5000617B43 /* Resources */ = {
			isa = PBXResourcesBuildPhase;
			buildActionMask = 2147483647;
			files = (
				AA9C08371AE0EB5100617B43 /* Main.storyboard in Resources */,
				AA8626821AE0F78E004D995D /* Entries.plist in Resources */,
				AA9C083C1AE0EB5100617B43 /* LaunchScreen.xib in Resources */,
				AA9C08391AE0EB5100617B43 /* Images.xcassets in Resources */,
				AA2866A81AEAF837001AB0A9 /* Me.plist in Resources */,
			);
			runOnlyForDeploymentPostprocessing = 0;
		};
/* End PBXResourcesBuildPhase section */

/* Begin PBXSourcesBuildPhase section */
		AA867F2A1AE98C0A00A3948E /* Sources */ = {
			isa = PBXSourcesBuildPhase;
			buildActionMask = 2147483647;
			files = (
				AAA69DB81AEAECFB002B612A /* PersonalInterfaceController.swift in Sources */,
				AA867F531AE98CE000A3948E /* TimelineInterfaceController.swift in Sources */,
				AA867F591AE98F9300A3948E /* TimelineEntry.swift in Sources */,
				AA867F551AE98D2700A3948E /* DetailInterfaceController.swift in Sources */,
				AA06B5D61AE9AC1700CBE67F /* ColorExtensions.swift in Sources */,
				AA2866AB1AEAFC0B001AB0A9 /* Me.swift in Sources */,
			);
			runOnlyForDeploymentPostprocessing = 0;
		};
		AA9C08281AE0EB5000617B43 /* Sources */ = {
			isa = PBXSourcesBuildPhase;
			buildActionMask = 2147483647;
			files = (
				AA8626841AE0F832004D995D /* TimelineEntry.swift in Sources */,
				AA9C08321AE0EB5100617B43 /* AppDelegate.swift in Sources */,
				AA8626891AE0FC8C004D995D /* TimelineViewController.swift in Sources */,
				AAF2954C1AE1266A00D05A9E /* OutlineView.swift in Sources */,
				AA86268E1AE109FB004D995D /* TimelineEntryCell.swift in Sources */,
				AA2866AA1AEAF915001AB0A9 /* Me.swift in Sources */,
				AAE81E901AE448B60031AD4A /* AvatarView.swift in Sources */,
				AA867F581AE98F1200A3948E /* EntriesLoader.swift in Sources */,
				AA33D4701AE5ACF300F215EE /* BorderedButton.swift in Sources */,
				AA86EF851AE864770091EFE9 /* WebViewController.swift in Sources */,
				AAD411A81AEC06F000102C95 /* SafariActivity.swift in Sources */,
				AAF2954E1AE1268600D05A9E /* ColorExtensions.swift in Sources */,
				AAA74CCD1AE19D8B0048B117 /* DetailViewController.swift in Sources */,
				AAE81E951AE44FA60031AD4A /* FXBlurView.m in Sources */,
				AA215B801AE537BF00B29C47 /* ProfileCell.swift in Sources */,
			);
			runOnlyForDeploymentPostprocessing = 0;
		};
/* End PBXSourcesBuildPhase section */

/* Begin PBXTargetDependency section */
		AA867F401AE98C0A00A3948E /* PBXTargetDependency */ = {
			isa = PBXTargetDependency;
			target = AA867F3C1AE98C0A00A3948E /* Stephan Rabanser WatchKit App */;
			targetProxy = AA867F3F1AE98C0A00A3948E /* PBXContainerItemProxy */;
		};
		AA867F4A1AE98C0A00A3948E /* PBXTargetDependency */ = {
			isa = PBXTargetDependency;
			target = AA867F2D1AE98C0A00A3948E /* Stephan Rabanser WatchKit Extension */;
			targetProxy = AA867F491AE98C0A00A3948E /* PBXContainerItemProxy */;
		};
/* End PBXTargetDependency section */

/* Begin PBXVariantGroup section */
		AA867F441AE98C0A00A3948E /* Interface.storyboard */ = {
			isa = PBXVariantGroup;
			children = (
				AA867F451AE98C0A00A3948E /* Base */,
			);
			name = Interface.storyboard;
			sourceTree = "<group>";
		};
		AA9C08351AE0EB5100617B43 /* Main.storyboard */ = {
			isa = PBXVariantGroup;
			children = (
				AA9C08361AE0EB5100617B43 /* Base */,
			);
			name = Main.storyboard;
			sourceTree = "<group>";
		};
		AA9C083A1AE0EB5100617B43 /* LaunchScreen.xib */ = {
			isa = PBXVariantGroup;
			children = (
				AA9C083B1AE0EB5100617B43 /* Base */,
			);
			name = LaunchScreen.xib;
			sourceTree = "<group>";
		};
/* End PBXVariantGroup section */

/* Begin XCBuildConfiguration section */
		AA867F4D1AE98C0A00A3948E /* Debug */ = {
			isa = XCBuildConfiguration;
			buildSettings = {
				ASSETCATALOG_COMPILER_APPICON_NAME = AppIcon;
				CODE_SIGN_IDENTITY = "iPhone Developer";
				"CODE_SIGN_IDENTITY[sdk=iphoneos*]" = "iPhone Developer";
				GCC_PREPROCESSOR_DEFINITIONS = (
					"DEBUG=1",
					"$(inherited)",
				);
				IBSC_MODULE = Stephan_Rabanser_WatchKit_Extension;
				INFOPLIST_FILE = "Stephan Rabanser WatchKit App/Info.plist";
				IPHONEOS_DEPLOYMENT_TARGET = 8.2;
				PRODUCT_NAME = "$(TARGET_NAME)";
				PROVISIONING_PROFILE = "";
				SKIP_INSTALL = YES;
				TARGETED_DEVICE_FAMILY = 4;
				"TARGETED_DEVICE_FAMILY[sdk=iphonesimulator*]" = "1,4";
			};
			name = Debug;
		};
		AA867F4E1AE98C0A00A3948E /* Release */ = {
			isa = XCBuildConfiguration;
			buildSettings = {
				ASSETCATALOG_COMPILER_APPICON_NAME = AppIcon;
				CODE_SIGN_IDENTITY = "iPhone Developer";
				"CODE_SIGN_IDENTITY[sdk=iphoneos*]" = "iPhone Developer";
				IBSC_MODULE = Stephan_Rabanser_WatchKit_Extension;
				INFOPLIST_FILE = "Stephan Rabanser WatchKit App/Info.plist";
				IPHONEOS_DEPLOYMENT_TARGET = 8.2;
				PRODUCT_NAME = "$(TARGET_NAME)";
				PROVISIONING_PROFILE = "";
				SKIP_INSTALL = YES;
				TARGETED_DEVICE_FAMILY = 4;
				"TARGETED_DEVICE_FAMILY[sdk=iphonesimulator*]" = "1,4";
			};
			name = Release;
		};
		AA867F501AE98C0A00A3948E /* Debug */ = {
			isa = XCBuildConfiguration;
			buildSettings = {
				GCC_PREPROCESSOR_DEFINITIONS = (
					"DEBUG=1",
					"$(inherited)",
				);
				INFOPLIST_FILE = "Stephan Rabanser WatchKit Extension/Info.plist";
				LD_RUNPATH_SEARCH_PATHS = "$(inherited) @executable_path/Frameworks @executable_path/../../Frameworks";
				PRODUCT_NAME = "${TARGET_NAME}";
				SKIP_INSTALL = YES;
			};
			name = Debug;
		};
		AA867F511AE98C0A00A3948E /* Release */ = {
			isa = XCBuildConfiguration;
			buildSettings = {
				INFOPLIST_FILE = "Stephan Rabanser WatchKit Extension/Info.plist";
				LD_RUNPATH_SEARCH_PATHS = "$(inherited) @executable_path/Frameworks @executable_path/../../Frameworks";
				PRODUCT_NAME = "${TARGET_NAME}";
				SKIP_INSTALL = YES;
			};
			name = Release;
		};
		AA9C08491AE0EB5100617B43 /* Debug */ = {
			isa = XCBuildConfiguration;
			buildSettings = {
				ALWAYS_SEARCH_USER_PATHS = NO;
				CLANG_CXX_LANGUAGE_STANDARD = "gnu++0x";
				CLANG_CXX_LIBRARY = "libc++";
				CLANG_ENABLE_MODULES = YES;
				CLANG_ENABLE_OBJC_ARC = YES;
				CLANG_WARN_BOOL_CONVERSION = YES;
				CLANG_WARN_CONSTANT_CONVERSION = YES;
				CLANG_WARN_DIRECT_OBJC_ISA_USAGE = YES_ERROR;
				CLANG_WARN_EMPTY_BODY = YES;
				CLANG_WARN_ENUM_CONVERSION = YES;
				CLANG_WARN_INT_CONVERSION = YES;
				CLANG_WARN_OBJC_ROOT_CLASS = YES_ERROR;
				CLANG_WARN_UNREACHABLE_CODE = YES;
				CLANG_WARN__DUPLICATE_METHOD_MATCH = YES;
				"CODE_SIGN_IDENTITY[sdk=iphoneos*]" = "iPhone Developer";
				COPY_PHASE_STRIP = NO;
				DEBUG_INFORMATION_FORMAT = "dwarf-with-dsym";
				ENABLE_STRICT_OBJC_MSGSEND = YES;
				GCC_C_LANGUAGE_STANDARD = gnu99;
				GCC_DYNAMIC_NO_PIC = NO;
				GCC_NO_COMMON_BLOCKS = YES;
				GCC_OPTIMIZATION_LEVEL = 0;
				GCC_PREPROCESSOR_DEFINITIONS = (
					"DEBUG=1",
					"$(inherited)",
				);
				GCC_SYMBOLS_PRIVATE_EXTERN = NO;
				GCC_WARN_64_TO_32_BIT_CONVERSION = YES;
				GCC_WARN_ABOUT_RETURN_TYPE = YES_ERROR;
				GCC_WARN_UNDECLARED_SELECTOR = YES;
				GCC_WARN_UNINITIALIZED_AUTOS = YES_AGGRESSIVE;
				GCC_WARN_UNUSED_FUNCTION = YES;
				GCC_WARN_UNUSED_VARIABLE = YES;
				IPHONEOS_DEPLOYMENT_TARGET = 8.3;
				MTL_ENABLE_DEBUG_INFO = YES;
				ONLY_ACTIVE_ARCH = YES;
				SDKROOT = iphoneos;
				SWIFT_OPTIMIZATION_LEVEL = "-Onone";
			};
			name = Debug;
		};
		AA9C084A1AE0EB5100617B43 /* Release */ = {
			isa = XCBuildConfiguration;
			buildSettings = {
				ALWAYS_SEARCH_USER_PATHS = NO;
				CLANG_CXX_LANGUAGE_STANDARD = "gnu++0x";
				CLANG_CXX_LIBRARY = "libc++";
				CLANG_ENABLE_MODULES = YES;
				CLANG_ENABLE_OBJC_ARC = YES;
				CLANG_WARN_BOOL_CONVERSION = YES;
				CLANG_WARN_CONSTANT_CONVERSION = YES;
				CLANG_WARN_DIRECT_OBJC_ISA_USAGE = YES_ERROR;
				CLANG_WARN_EMPTY_BODY = YES;
				CLANG_WARN_ENUM_CONVERSION = YES;
				CLANG_WARN_INT_CONVERSION = YES;
				CLANG_WARN_OBJC_ROOT_CLASS = YES_ERROR;
				CLANG_WARN_UNREACHABLE_CODE = YES;
				CLANG_WARN__DUPLICATE_METHOD_MATCH = YES;
				"CODE_SIGN_IDENTITY[sdk=iphoneos*]" = "iPhone Developer";
				COPY_PHASE_STRIP = NO;
				DEBUG_INFORMATION_FORMAT = "dwarf-with-dsym";
				ENABLE_NS_ASSERTIONS = NO;
				ENABLE_STRICT_OBJC_MSGSEND = YES;
				GCC_C_LANGUAGE_STANDARD = gnu99;
				GCC_NO_COMMON_BLOCKS = YES;
				GCC_WARN_64_TO_32_BIT_CONVERSION = YES;
				GCC_WARN_ABOUT_RETURN_TYPE = YES_ERROR;
				GCC_WARN_UNDECLARED_SELECTOR = YES;
				GCC_WARN_UNINITIALIZED_AUTOS = YES_AGGRESSIVE;
				GCC_WARN_UNUSED_FUNCTION = YES;
				GCC_WARN_UNUSED_VARIABLE = YES;
				IPHONEOS_DEPLOYMENT_TARGET = 8.3;
				MTL_ENABLE_DEBUG_INFO = NO;
				SDKROOT = iphoneos;
				VALIDATE_PRODUCT = YES;
			};
			name = Release;
		};
		AA9C084C1AE0EB5100617B43 /* Debug */ = {
			isa = XCBuildConfiguration;
			buildSettings = {
				ASSETCATALOG_COMPILER_APPICON_NAME = AppIcon;
				CLANG_ENABLE_MODULES = YES;
				INFOPLIST_FILE = "Stephan Rabanser/Info.plist";
				LD_RUNPATH_SEARCH_PATHS = "$(inherited) @executable_path/Frameworks";
				PRODUCT_NAME = "$(TARGET_NAME)";
				SWIFT_OBJC_BRIDGING_HEADER = "Stephan Rabanser/Stephan Rabanser-Bridging-Header.h";
				SWIFT_OPTIMIZATION_LEVEL = "-Onone";
			};
			name = Debug;
		};
		AA9C084D1AE0EB5100617B43 /* Release */ = {
			isa = XCBuildConfiguration;
			buildSettings = {
				ASSETCATALOG_COMPILER_APPICON_NAME = AppIcon;
				CLANG_ENABLE_MODULES = YES;
				INFOPLIST_FILE = "Stephan Rabanser/Info.plist";
				LD_RUNPATH_SEARCH_PATHS = "$(inherited) @executable_path/Frameworks";
				PRODUCT_NAME = "$(TARGET_NAME)";
				SWIFT_OBJC_BRIDGING_HEADER = "Stephan Rabanser/Stephan Rabanser-Bridging-Header.h";
			};
			name = Release;
		};
/* End XCBuildConfiguration section */

/* Begin XCConfigurationList section */
		AA867F4C1AE98C0A00A3948E /* Build configuration list for PBXNativeTarget "Stephan Rabanser WatchKit App" */ = {
			isa = XCConfigurationList;
			buildConfigurations = (
				AA867F4D1AE98C0A00A3948E /* Debug */,
				AA867F4E1AE98C0A00A3948E /* Release */,
			);
			defaultConfigurationIsVisible = 0;
			defaultConfigurationName = Release;
		};
		AA867F4F1AE98C0A00A3948E /* Build configuration list for PBXNativeTarget "Stephan Rabanser WatchKit Extension" */ = {
			isa = XCConfigurationList;
			buildConfigurations = (
				AA867F501AE98C0A00A3948E /* Debug */,
				AA867F511AE98C0A00A3948E /* Release */,
			);
			defaultConfigurationIsVisible = 0;
			defaultConfigurationName = Release;
		};
		AA9C08271AE0EB5000617B43 /* Build configuration list for PBXProject "Stephan Rabanser" */ = {
			isa = XCConfigurationList;
			buildConfigurations = (
				AA9C08491AE0EB5100617B43 /* Debug */,
				AA9C084A1AE0EB5100617B43 /* Release */,
			);
			defaultConfigurationIsVisible = 0;
			defaultConfigurationName = Release;
		};
		AA9C084B1AE0EB5100617B43 /* Build configuration list for PBXNativeTarget "Stephan Rabanser" */ = {
			isa = XCConfigurationList;
			buildConfigurations = (
				AA9C084C1AE0EB5100617B43 /* Debug */,
				AA9C084D1AE0EB5100617B43 /* Release */,
			);
			defaultConfigurationIsVisible = 0;
			defaultConfigurationName = Release;
		};
/* End XCConfigurationList section */
	};
	rootObject = AA9C08241AE0EB5000617B43 /* Project object */;
}
